
Microsoft Visual Studio Solution File, Format Version 12.00
# Visual Studio 14
VisualStudioVersion = 14.0.25420.1
MinimumVisualStudioVersion = 10.0.40219.1
Project("{2150E333-8FDC-42A3-9474-1A3956D46DE8}") = "Samples", "Samples", "{EC8B9E89-DB01-41E1-87B9-EC81BCA37BA5}"
EndProject
Project("{FAE04EC0-301F-11D3-BF4B-00C04F79EFBC}") = "FastReflectionLib", "src\FastReflectionLib.csproj", "{CB5CDFC1-C46C-413E-A12F-94464BAFB4C6}"
EndProject
Project("{FAE04EC0-301F-11D3-BF4B-00C04F79EFBC}") = "Benchmarks", "samples\Benchmarks\Benchmarks.csproj", "{F4E739FB-C9D9-4731-9792-F8F15E0701F2}"
EndProject
Project("{FAE04EC0-301F-11D3-BF4B-00C04F79EFBC}") = "CustomCache", "samples\CustomCache\CustomCache.csproj", "{37E1A567-AA46-4A94-B827-F03BBC49FC0C}"
EndProject
Global
	GlobalSection(SolutionConfigurationPlatforms) = preSolution
		Debug|Any CPU = Debug|Any CPU
		Release|Any CPU = Release|Any CPU
	EndGlobalSection
	GlobalSection(ProjectConfigurationPlatforms) = postSolution
		{CB5CDFC1-C46C-413E-A12F-94464BAFB4C6}.Debug|Any CPU.ActiveCfg = Debug|Any CPU
		{CB5CDFC1-C46C-413E-A12F-94464BAFB4C6}.Debug|Any CPU.Build.0 = Debug|Any CPU
		{CB5CDFC1-C46C-413E-A12F-94464BAFB4C6}.Release|Any CPU.ActiveCfg = Release|Any CPU
		{CB5CDFC1-C46C-413E-A12F-94464BAFB4C6}.Release|Any CPU.Build.0 = Release|Any CPU
		{F4E739FB-C9D9-4731-9792-F8F15E0701F2}.Debug|Any CPU.ActiveCfg = Debug|Any CPU
		{F4E739FB-C9D9-4731-9792-F8F15E0701F2}.Debug|Any CPU.Build.0 = Debug|Any CPU
		{F4E739FB-C9D9-4731-9792-F8F15E0701F2}.Release|Any CPU.ActiveCfg = Release|Any CPU
		{F4E739FB-C9D9-4731-9792-F8F15E0701F2}.Release|Any CPU.Build.0 = Release|Any CPU
		{37E1A567-AA46-4A94-B827-F03BBC49FC0C}.Debug|Any CPU.ActiveCfg = Debug|Any CPU
		{37E1A567-AA46-4A94-B827-F03BBC49FC0C}.Debug|Any CPU.Build.0 = Debug|Any CPU
		{37E1A567-AA46-4A94-B827-F03BBC49FC0C}.Release|Any CPU.ActiveCfg = Release|Any CPU
		{37E1A567-AA46-4A94-B827-F03BBC49FC0C}.Release|Any CPU.Build.0 = Release|Any CPU
	EndGlobalSection
	GlobalSection(SolutionProperties) = preSolution
		HideSolutionNode = FALSE
	EndGlobalSection
	GlobalSection(NestedProjects) = preSolution
		{F4E739FB-C9D9-4731-9792-F8F15E0701F2} = {EC8B9E89-DB01-41E1-87B9-EC81BCA37BA5}
		{37E1A567-AA46-4A94-B827-F03BBC49FC0C} = {EC8B9E89-DB01-41E1-87B9-EC81BCA37BA5}
	EndGlobalSection
EndGlobal
